Lr! D�CDD�R3�91!4�!!H,@�D@�-���yhrG����*^���u��ޮȨ��<򷬢[�vm�����"���ɪ�H�o�ʗ��z{����^��<��3�|]Z���|wݛ��;�M��o���Ὰi���M�z�"�}t޷��[�vm�����"���ɪ�H�o�m�����i���{`Ϳ5u�_�n�y����w��}7덻ۇ�u�ۭ����슉��J޲�oy�m��?�����k�&��� r��i��z����ۭ���]-�7t��nz�~���z{�6{������x��|���q�m�]�i���5ߋޮȨ�]���(�����i���z����j��(���q�m���i���>�~-�?:ێ���;uޝ�V��O8k����4�����^���zw"zɢ��ʗ��]z��(�&���:է(���v��Ϣ��+�m4��슉��j޲�oy�m��?�����k�&��� r��i�+��r���s覦�����r���ܧjh��)���~�M��7;�f��]y����5o�:q��s���;ןs�^���zw"zƜ����v�����Zj[7�KޮȨ�}t��(�����i���z����j��(�������Zj[?�������Zj[>�]-�7��n��_m�=���Ӈ���{�x��k��m�^���zw"zƜ���ӆ������w�KޮȨ�}5��(�����i���z����j��(����������������~�Mm�6�u�x�����}�7���}����{}�����^���zw"zƜ���ӆ����ӋޮȨ�}���(�����i���z����j��(�������������}-�>9{~�o^�ַn[i�}�w�׶m�_�m5�������v����ӋޮȨ��5޷��[�vm�����"���ɪ�H�o�r�����r����5��3�Nx����~�w�{m�}��6�_v{V����߿;i�+��4i�+��u��슉��j޲�oy�m��?�����k�&��� r��i�+���i�+��u��3�]\o���~�ӷ�����\�������6�{j;��찢�l�M/z�"�}yַ��[�vm�����"���ɪ�H�oڎ��{,(��?������
+vϵ�[`�}xu������ww_q�9��^�^�o�:u��q���G�ݳm4��슉��J޲�oy�m��?�����k�&��� r��j;��찢�l��ڎ��{,(��>�]-�6�������}��sW����׹�ݽq��׭�F����j;��[ޮȨ��u򷬢[�vm�����"���ɪ�H�oڎ�������u��3�g�oM��׺�f��v�sm^}����s��u�^�קr'�r�:�;(��-i�^��k�x"-tը��M��u���m/z�"�~vڷ��[�vm�����"���ɪ�H�oڎ�����������μw�^��w�w�M��N�k�7��:�ֹ{]z��u�܉����}�-�מ�窹�u�H��r�k�kj����7�;(��-i�^��k�x"-tթb��{t�V��	���m�]�z�"�}5ⷬ�[�vm�����"���ɪ�H�oږ('�ױ���jX���^�ߴ׋`�G�F��]=���wF��nzsm��N��}�i�u�שzw^�Ȟ�H�w��M��x��tַ�y�~���y٩i����(��tթi����(��t����*'�M�z�%��a��l��ނ+-�,��zd��&��i����(�����i����(�ߵ�k`����]}�[�]Zw}��W}���y�_m�ݩ�y��